{
  "lockfile-version": 1,
  "manifest": {
    "schema-version": "1.16.0",
    "install": {
      "gradle": {
        "pkg-path": "gradle"
      },
      "jdk21": {
        "pkg-path": "jdk21"
      },
      "nodejs_22": {
        "pkg-path": "nodejs_22"
      },
      "pnpm": {
        "pkg-path": "pnpm"
      },
      "python3": {
        "pkg-path": "python3"
      }
    },
    "hook": {},
    "profile": {},
    "options": {}
  },
  "packages": [
    {
      "attr_path": "gradle",
      "broken": false,
      "derivation": "/nix/store/g80r5j97hgm0ai0p0hldyf56w1ddza6s-gradle-8.14.4.drv",
      "description": "Enterprise-grade build system",
      "install_id": "gradle",
      "license": "Apache-2.0",
      "locked_url": "https://github.com/flox/nixpkgs?rev=c59305bab2065cfecc4944690d9eedbb56f3a9fa",
      "name": "gradle-8.14.4",
      "pname": "gradle",
      "rev": "c59305bab2065cfecc4944690d9eedbb56f3a9fa",
      "rev_count": 1083223,
      "rev_date": "2026-10-01T02:47:39Z",
      "scrape_date": "2026-10-02T04:59:41.319699Z",
      "stabilities": [
        "staging",
        "unstable"
      ],
      "unfree": false,
      "version": "8.14.4",
      "outputs_to_install": [
        "out"
      ],
      "outputs": {
        "out": "/nix/store/x70dbbkvs3lp44hinpf22v43vyvfqphf-gradle-8.14.4"
      },
      "system": "aarch64-darwin",
      "group": "toplevel",
      "priority": 5
    },
    {
      "attr_path": "gradle",
      "broken": false,
      "derivation": "/nix/store/ff5srsd9kh92g4cm50cv1hl1ya00xir1-gradle-8.14.4.drv",
      "description": "Enterprise-grade build system",
      "install_id": "gradle",
      "license": "Apache-2.0",
      "locked_url": "https://github.com/flox/nixpkgs?rev=c59305bab2065cfecc4944690d9eedbb56f3a9fa",
      "name": "gradle-8.14.4",
      "pname": "gradle",
      "rev": "c59305bab2065cfecc4944690d9eedbb56f3a9fa",
      "rev_count": 1083223,
      "rev_date": "2026-10-01T02:47:39Z",
      "scrape_date": "2026-10-02T05:33:11.233700Z",
      "stabilities": [
        "staging",
        "unstable"
      ],
      "unfree": false,
      "version": "8.14.4",
      "outputs_to_install": [
        "out"
      ],
      "outputs": {
        "out": "/nix/store/45l7h3lx7k3vgzyvrs5368dhyv6zwn36-gradle-8.14.4"
      },
      "system": "aarch64-linux",
      "group": "toplevel",
      "priority": 5
    },
    {
      "attr_path": "gradle",
      "broken": false,
      "derivation": "/nix/store/2x5dki8yrc9z6miw2xcfh9s6gy5n6glj-gradle-8.14.4.drv",
      "description": "Enterprise-grade build system",
      "install_id": "gradle",
      "license": "Apache-2.0",
      "locked_url": "https://github.com/flox/nixpkgs?rev=c59305bab2065cfecc4944690d9eedbb56f3a9fa",
      "name": "gradle-8.14.4",
      "pname": "gradle",
      "rev": "c59305bab2065cfecc4944690d9eedbb56f3a9fa",
      "rev_count": 1083223,
      "rev_date": "2026-10-01T02:47:39Z",
      "scrape_date": "2026-10-02T06:09:44.834950Z",
      "stabilities": [
        "staging",
        "unstable"
      ],
      "unfree": false,
      "version": "8.14.4",
      "outputs_to_install": [
        "out"
      ],
      "outputs": {
        "out": "/nix/store/jay4ag9wlgql6xn9vpwh3s5i9y71gzi5-gradle-8.14.4"
      },
      "system": "x86_64-linux",
      "group": "toplevel",
      "priority": 5
    },
    {
      "attr_path": "jdk21",
      "broken": false,
      "derivation": "/nix/store/ga8m63s7m803sdbpyvs7ziqmbk6yflz8-zulu-ca-jdk-21.0.11.drv",
      "description": "Certified builds of OpenJDK",
      "install_id": "jdk21",
      "license": "GPL-2.0-only",
      "locked_url": "https://github.com/flox/nixpkgs?rev=c59305bab2065cfecc4944690d9eedbb56f3a9fa",
      "name": "zulu-ca-jdk-21.0.11",
      "pname": "jdk21",
      "rev": "c59305bab2065cfecc4944690d9eedbb56f3a9fa",
      "rev_count": 1083223,
      "rev_date": "2026-10-01T02:47:39Z",
      "scrape_date": "2026-10-02T05:00:01.654534Z",
      "stabilities": [
        "staging",
        "unstable"
      ],
      "unfree": false,
      "version": "21.0.11",
      "outputs_to_install": [
        "out"
      ],
      "outputs": {
        "out": "/nix/store/rq09c9irjxfji5x3vn28nqm7qqjsf39a-zulu-ca-jdk-21.0.11"
      },
      "system": "aarch64-darwin",
      "group": "toplevel",
      "priority": 5
    },
    {
      "attr_path": "jdk21",
      "broken": false,
      "derivation": "/nix/store/1p5gbacc4g13xps141xdqnvbq56i50lv-openjdk-21.0.12.1+1.drv",
      "description": "Open-source Java Development Kit",
      "install_id": "jdk21",
      "license": "GPL-2.0-only",
      "locked_url": "https://github.com/flox/nixpkgs?rev=c59305bab2065cfecc4944690d9eedbb56f3a9fa",
      "name": "openjdk-21.0.12.1+1",
      "pname": "jdk21",
      "rev": "c59305bab2065cfecc4944690d9eedbb56f3a9fa",
      "rev_count": 1083223,
      "rev_date": "2026-10-01T02:47:39Z",
      "scrape_date": "2026-10-02T05:33:31.139994Z",
      "stabilities": [
        "staging",
        "unstable"
      ],
      "unfree": false,
      "version": "21.0.12.1+1",
      "outputs_to_install": [
        "out",
        "out"
      ],
      "outputs": {
        "debug": "/nix/store/zlqzxy0ivis78pzsx5viy3lrp1pmlyvw-openjdk-21.0.12.1+1-debug",
        "out": "/nix/store/cfc4y2hkjyl9hisswz2q9mlym2aqf662-openjdk-21.0.12.1+1"
      },
      "system": "aarch64-linux",
      "group": "toplevel",
      "priority": 5
    },
    {
      "attr_path": "jdk21",
      "broken": false,
      "derivation": "/nix/store/gr9sd35bmjf7glapa4ig0xrzcigbnlq3-openjdk-21.0.12.1+1.drv",
      "description": "Open-source Java Development Kit",
      "install_id": "jdk21",
      "license": "GPL-2.0-only",
      "locked_url": "https://github.com/flox/nixpkgs?rev=c59305bab2065cfecc4944690d9eedbb56f3a9fa",
      "name": "openjdk-21.0.12.1+1",
      "pname": "jdk21",
      "rev": "c59305bab2065cfecc4944690d9eedbb56f3a9fa",
      "rev_count": 1083223,
      "rev_date": "2026-10-01T02:47:39Z",
      "scrape_date": "2026-10-02T06:10:05.579334Z",
      "stabilities": [
        "staging",
        "unstable"
      ],
      "unfree": false,
      "version": "21.0.12.1+1",
      "outputs_to_install": [
        "out",
        "out"
      ],
      "outputs": {
        "debug": "/nix/store/x6189qjklrbrd5hwpql88swi7gk9cpm9-openjdk-21.0.12.1+1-debug",
        "out": "/nix/store/2cv1b5y6h029cvg07c944pq89fszwbya-openjdk-21.0.12.1+1"
      },
      "system": "x86_64-linux",
      "group": "toplevel",
      "priority": 5
    },
    {
      "attr_path": "nodejs_22",
      "broken": false,
      "derivation": "/nix/store/7vsxz0ym0rqw8h3zws2cr5cz8dqw6zcx-nodejs-22.23.3.drv",
      "description": "Event-driven I/O framework for the V8 JavaScript engine",
      "install_id": "nodejs_22",
      "license": "MIT",
      "locked_url": "https://github.com/flox/nixpkgs?rev=c59305bab2065cfecc4944690d9eedbb56f3a9fa",
      "name": "nodejs-22.23.3",
      "pname": "nodejs_22",
      "rev": "c59305bab2065cfecc4944690d9eedbb56f3a9fa",
      "rev_count": 1083223,
      "rev_date": "2026-10-01T02:47:39Z",
      "scrape_date": "2026-10-02T05:00:14.094442Z",
      "stabilities": [
        "staging",
        "unstable"
      ],
      "unfree": false,
      "version": "22.23.3",
      "outputs_to_install": [
        "out"
      ],
      "outputs": {
        "out": "/nix/store/31a8g9hg40fh1gs7241pyszrq8a4bajb-nodejs-22.23.3"
      },
      "system": "aarch64-darwin",
      "group": "toplevel",
      "priority": 5
    },
    {
      "attr_path": "nodejs_22",
      "broken": false,
      "derivation": "/nix/store/95zv0vbm6i5dvqgbw2d0wvsjaa1wp529-nodejs-22.23.3.drv",
      "description": "Event-driven I/O framework for the V8 JavaScript engine",
      "install_id": "nodejs_22",
      "license": "MIT",
      "locked_url": "https://github.com/flox/nixpkgs?rev=c59305bab2065cfecc4944690d9eedbb56f3a9fa",
      "name": "nodejs-22.23.3",
      "pname": "nodejs_22",
      "rev": "c59305bab2065cfecc4944690d9eedbb56f3a9fa",
      "rev_count": 1083223,
      "rev_date": "2026-10-01T02:47:39Z",
      "scrape_date": "2026-10-02T05:33:47.577913Z",
      "stabilities": [
        "staging",
        "unstable"
      ],
      "unfree": false,
      "version": "22.23.3",
      "outputs_to_install": [
        "out"
      ],
      "outputs": {
        "out": "/nix/store/1nzpiv2idya913acb1wd1ydxvd2dw0pz-nodejs-22.23.3"
      },
      "system": "aarch64-linux",
      "group": "toplevel",
      "priority": 5
    },
    {
      "attr_path": "nodejs_22",
      "broken": false,
      "derivation": "/nix/store/in13n1y5f4gnka3sf7vciws70j7hz075-nodejs-22.23.3.drv",
      "description": "Event-driven I/O framework for the V8 JavaScript engine",
      "install_id": "nodejs_22",
      "license": "MIT",
      "locked_url": "https://github.com/flox/nixpkgs?rev=c59305bab2065cfecc4944690d9eedbb56f3a9fa",
      "name": "nodejs-22.23.3",
      "pname": "nodejs_22",
      "rev": "c59305bab2065cfecc4944690d9eedbb56f3a9fa",
      "rev_count": 1083223,
      "rev_date": "2026-10-01T02:47:39Z",
      "scrape_date": "2026-10-02T06:10:24.467705Z",
      "stabilities": [
        "staging",
        "unstable"
      ],
      "unfree": false,
      "version": "22.23.3",
      "outputs_to_install": [
        "out"
      ],
      "outputs": {
        "out": "/nix/store/qshvhyv92g772jjsm2zrgzxc4ai4iqfx-nodejs-22.23.3"
      },
      "system": "x86_64-linux",
      "group": "toplevel",
      "priority": 5
    },
    {
      "attr_path": "pnpm",
      "broken": false,
      "derivation": "/nix/store/k6gz92prxgp9ss78hgyfwr544xz6szvx-pnpm-12.3.4.drv",
      "description": "Fast, disk space efficient package manager for JavaScript",
      "install_id": "pnpm",
      "license": "MIT",
      "locked_url": "https://github.com/flox/nixpkgs?rev=c59305bab2065cfecc4944690d9eedbb56f3a9fa",
      "name": "pnpm-12.3.4",
      "pname": "pnpm",
      "rev": "c59305bab2065cfecc4944690d9eedbb56f3a9fa",
      "rev_count": 1083223,
      "rev_date": "2026-10-01T02:47:39Z",
      "scrape_date": "2026-10-02T05:00:33.235693Z",
      "stabilities": [
        "staging",
        "unstable"
      ],
      "unfree": false,
      "version": "12.3.4",
      "outputs_to_install": [
        "out"
      ],
      "outputs": {
        "out": "/nix/store/920bbmmbq2814n4kix1y955cq5p1pl8y-pnpm-12.3.4"
      },
      "system": "aarch64-darwin",
      "group": "toplevel",
      "priority": 5
    },
    {
      "attr_path": "pnpm",
      "broken": false,
      "derivation": "/nix/store/khirj3pc7v32qrz1smax62finp8b8lz2-pnpm-12.3.4.drv",
      "description": "Fast, disk space efficient package manager for JavaScript",
      "install_id": "pnpm",
      "license": "MIT",
      "locked_url": "https://github.com/flox/nixpkgs?rev=c59305bab2065cfecc4944690d9eedbb56f3a9fa",
      "name": "pnpm-12.3.4",
      "pname": "pnpm",
      "rev": "c59305bab2065cfecc4944690d9eedbb56f3a9fa",
      "rev_count": 1083223,
      "rev_date": "2026-10-01T02:47:39Z",
      "scrape_date": "2026-10-02T05:34:07.532492Z",
      "stabilities": [
        "staging",
        "unstable"
      ],
      "unfree": false,
      "version": "12.3.4",
      "outputs_to_install": [
        "out"
      ],
      "outputs": {
        "out": "/nix/store/qqkz5hznhdx70smjb5lrka633h2qhfbd-pnpm-12.3.4"
      },
      "system": "aarch64-linux",
      "group": "toplevel",
      "priority": 5
    },
    {
      "attr_path": "pnpm",
      "broken": false,
      "derivation": "/nix/store/xyl4kvd9vclyj1bh141nbzw8a4mbk7pn-pnpm-12.3.4.drv",
      "description": "Fast, disk space efficient package manager for JavaScript",
      "install_id": "pnpm",
      "license": "MIT",
      "locked_url": "https://github.com/flox/nixpkgs?rev=c59305bab2065cfecc4944690d9eedbb56f3a9fa",
      "name": "pnpm-12.3.4",
      "pname": "pnpm",
      "rev": "c59305bab2065cfecc4944690d9eedbb56f3a9fa",
      "rev_count": 1083223,
      "rev_date": "2026-10-01T02:47:39Z",
      "scrape_date": "2026-10-02T06:10:44.650389Z",
      "stabilities": [
        "staging",
        "unstable"
      ],
      "unfree": false,
      "version": "12.3.4",
      "outputs_to_install": [
        "out"
      ],
      "outputs": {
        "out": "/nix/store/vlics4j96033dphx4kdfax0y2wjc84gm-pnpm-12.3.4"
      },
      "system": "x86_64-linux",
      "group": "toplevel",
      "priority": 5
    },
    {
      "attr_path": "python3",
      "broken": false,
      "derivation": "/nix/store/p745p2wn875yp2k6nf6rvpbmc6w6qcw9-python3-3.14.7.drv",
      "description": "High-level dynamically-typed programming language",
      "install_id": "python3",
      "license": "Python-2.0",
      "locked_url": "https://github.com/flox/nixpkgs?rev=c59305bab2065cfecc4944690d9eedbb56f3a9fa",
      "name": "python3-3.14.7",
      "pname": "python3",
      "rev": "c59305bab2065cfecc4944690d9eedbb56f3a9fa",
      "rev_count": 1083223,
      "rev_date": "2026-10-01T02:47:39Z",
      "scrape_date": "2026-10-02T05:00:35.933294Z",
      "stabilities": [
        "staging",
        "unstable"
      ],
      "unfree": false,
      "version": "3.14.7",
      "outputs_to_install": [
        "out"
      ],
      "outputs": {
        "out": "/nix/store/0kcws5blwbdyxqxjd1w8hjipz61xny3k-python3-3.14.7"
      },
      "system": "aarch64-darwin",
      "group": "toplevel",
      "priority": 5
    },
    {
      "attr_path": "python3",
      "broken": false,
      "derivation": "/nix/store/nc0s5zggmm8vpkl48hg82hj96hvqcpcv-python3-3.14.7.drv",
      "description": "High-level dynamically-typed programming language",
      "install_id": "python3",
      "license": "Python-2.0",
      "locked_url": "https://github.com/flox/nixpkgs?rev=c59305bab2065cfecc4944690d9eedbb56f3a9fa",
      "name": "python3-3.14.7",
      "pname": "python3",
      "rev": "c59305bab2065cfecc4944690d9eedbb56f3a9fa",
      "rev_count": 1083223,
      "rev_date": "2026-10-01T02:47:39Z",
      "scrape_date": "2026-10-02T05:34:10.419907Z",
      "stabilities": [
        "staging",
        "unstable"
      ],
      "unfree": false,
      "version": "3.14.7",
      "outputs_to_install": [
        "out",
        "out"
      ],
      "outputs": {
        "debug": "/nix/store/srgw0rb4aiyycf9xw3dv3y89q627lkzy-python3-3.14.7-debug",
        "out": "/nix/store/81ag9nxz1flw3xjkv1vvqg8y2ipx2ins-python3-3.14.7"
      },
      "system": "aarch64-linux",
      "group": "toplevel",
      "priority": 5
    },
    {
      "attr_path": "python3",
      "broken": false,
      "derivation": "/nix/store/qpckizfinpgk8mvl0awxbfw4xykrpshf-python3-3.14.7.drv",
      "description": "High-level dynamically-typed programming language",
      "install_id": "python3",
      "license": "Python-2.0",
      "locked_url": "https://github.com/flox/nixpkgs?rev=c59305bab2065cfecc4944690d9eedbb56f3a9fa",
      "name": "python3-3.14.7",
      "pname": "python3",
      "rev": "c59305bab2065cfecc4944690d9eedbb56f3a9fa",
      "rev_count": 1083223,
      "rev_date": "2026-10-01T02:47:39Z",
      "scrape_date": "2026-10-02T06:10:47.615383Z",
      "stabilities": [
        "staging",
        "unstable"
      ],
      "unfree": false,
      "version": "3.14.7",
      "outputs_to_install": [
        "out",
        "out"
      ],
      "outputs": {
        "debug": "/nix/store/7wws7qhgbm7g979l50h4z7dwxbgbdbc9-python3-3.14.7-debug",
        "out": "/nix/store/lb41b0anx1f98y9y5s9mdv97gjgsq740-python3-3.14.7"
      },
      "system": "x86_64-linux",
      "group": "toplevel",
      "priority": 5
    }
  ]
}
